
Microsoft Visual Studio Solution File, Format Version 12.00
# Visual Studio 15
VisualStudioVersion = 15.0.27130.2010
MinimumVisualStudioVersion = 10.0.40219.1
Project("{FAE04EC0-301F-11D3-BF4B-00C04F79EFBC}") = "Midterm_BeerStorePOS", "Midterm_BeerStorePOS\Midterm_BeerStorePOS.csproj", "{4682F180-5039-481B-A169-612531387DE5}"
EndProject
Global
	GlobalSection(SolutionConfigurationPlatforms) = preSolution
		Debug|Any CPU = Debug|Any CPU
		Release|Any CPU = Release|Any CPU
	EndGlobalSection
	GlobalSection(ProjectConfigurationPlatforms) = postSolution
		{4682F180-5039-481B-A169-612531387DE5}.Debug|Any CPU.ActiveCfg = Debug|Any CPU
		{4682F180-5039-481B-A169-612531387DE5}.Debug|Any CPU.Build.0 = Debug|Any CPU
		{4682F180-5039-481B-A169-612531387DE5}.Release|Any CPU.ActiveCfg = Release|Any CPU
		{4682F180-5039-481B-A169-612531387DE5}.Release|Any CPU.Build.0 = Release|Any CPU
	EndGlobalSection
	GlobalSection(SolutionProperties) = preSolution
		HideSolutionNode = FALSE
	EndGlobalSection
	GlobalSection(ExtensibilityGlobals) = postSolution
		SolutionGuid = {73C1152A-33E9-4A1E-96E2-05D518F30A71}
	EndGlobalSection
EndGlobal
